
Microsoft Visual Studio Solution File, Format Version 12.00
# Visual Studio Version 17
VisualStudioVersion = 17.7.34221.43
MinimumVisualStudioVersion = 10.0.40219.1
Project("{FAE04EC0-301F-11D3-BF4B-00C04F79EFBC}") = "Assignment#2", "Assignment#2.csproj", "{73E3A235-1EB4-4FA8-9EAE-7FBDCE6A041E}"
EndProject
Global
	GlobalSection(SolutionConfigurationPlatforms) = preSolution
		Debug|Any CPU = Debug|Any CPU
		Release|Any CPU = Release|Any CPU
	EndGlobalSection
	GlobalSection(ProjectConfigurationPlatforms) = postSolution
		{73E3A235-1EB4-4FA8-9EAE-7FBDCE6A041E}.Debug|Any CPU.ActiveCfg = Debug|Any CPU
		{73E3A235-1EB4-4FA8-9EAE-7FBDCE6A041E}.Debug|Any CPU.Build.0 = Debug|Any CPU
		{73E3A235-1EB4-4FA8-9EAE-7FBDCE6A041E}.Release|Any CPU.ActiveCfg = Release|Any CPU
		{73E3A235-1EB4-4FA8-9EAE-7FBDCE6A041E}.Release|Any CPU.Build.0 = Release|Any CPU
	EndGlobalSection
	GlobalSection(SolutionProperties) = preSolution
		HideSolutionNode = FALSE
	EndGlobalSection
	GlobalSection(ExtensibilityGlobals) = postSolution
		SolutionGuid = {B5A4763C-B562-4208-8B78-8CC7AC0163AF}
	EndGlobalSection
EndGlobal
